
Microsoft Visual Studio Solution File, Format Version 12.00
# Visual Studio Version 16
VisualStudioVersion = 16.0.30804.86
MinimumVisualStudioVersion = 10.0.40219.1
Project("{9A19103F-16F7-4668-BE54-9A1E7A4F7556}") = "L5MWebService", "L5MWebService\L5MWebService.csproj", "{F29CF379-3E3D-4DC7-80C1-F1BC8E12E576}"
EndProject
Project("{FAE04EC0-301F-11D3-BF4B-00C04F79EFBC}") = "L5MWebServiceTests", "L5MWebServiceTests\L5MWebServiceTests.csproj", "{28F14C27-E6A0-4E8A-A8C6-5ED76FFE0657}"
EndProject
Global
	GlobalSection(SolutionConfigurationPlatforms) = preSolution
		Debug|Any CPU = Debug|Any CPU
		Release|Any CPU = Release|Any CPU
	EndGlobalSection
	GlobalSection(ProjectConfigurationPlatforms) = postSolution
		{F29CF379-3E3D-4DC7-80C1-F1BC8E12E576}.Debug|Any CPU.ActiveCfg = Debug|Any CPU
		{F29CF379-3E3D-4DC7-80C1-F1BC8E12E576}.Debug|Any CPU.Build.0 = Debug|Any CPU
		{F29CF379-3E3D-4DC7-80C1-F1BC8E12E576}.Release|Any CPU.ActiveCfg = Release|Any CPU
		{F29CF379-3E3D-4DC7-80C1-F1BC8E12E576}.Release|Any CPU.Build.0 = Release|Any CPU
		{28F14C27-E6A0-4E8A-A8C6-5ED76FFE0657}.Debug|Any CPU.ActiveCfg = Debug|Any CPU
		{28F14C27-E6A0-4E8A-A8C6-5ED76FFE0657}.Debug|Any CPU.Build.0 = Debug|Any CPU
		{28F14C27-E6A0-4E8A-A8C6-5ED76FFE0657}.Release|Any CPU.ActiveCfg = Release|Any CPU
		{28F14C27-E6A0-4E8A-A8C6-5ED76FFE0657}.Release|Any CPU.Build.0 = Release|Any CPU
	EndGlobalSection
	GlobalSection(SolutionProperties) = preSolution
		HideSolutionNode = FALSE
	EndGlobalSection
	GlobalSection(ExtensibilityGlobals) = postSolution
		SolutionGuid = {B60B8C3A-EBC0-4B5E-B232-E189509783C0}
	EndGlobalSection
EndGlobal
